// !$*UTF8*$!
{
	archiveVersion = 1;
	classes = {
	};
	objectVersion = 46;
	objects = {

/* Begin PBXBuildFile section */
		223B22D71E59B8BE00829962 /* Wall.swift in Sources */ = {isa = PBXBuildFile; fileRef = 223B22D61E59B8BE00829962 /* Wall.swift */; };
		223B22D91E59D78100829962 /* Extensions.swift in Sources */ = {isa = PBXBuildFile; fileRef = 223B22D81E59D78100829962 /* Extensions.swift */; };
		223B22DD1E5A029A00829962 /* PauseVC.swift in Sources */ = {isa = PBXBuildFile; fileRef = 223B22DB1E5A029A00829962 /* PauseVC.swift */; };
		223B22DE1E5A029A00829962 /* PauseVC.xib in Resources */ = {isa = PBXBuildFile; fileRef = 223B22DC1E5A029A00829962 /* PauseVC.xib */; };
		223E0F5C1E660538000E3ECC /* ViewTools.swift in Sources */ = {isa = PBXBuildFile; fileRef = 223E0F5B1E660538000E3ECC /* ViewTools.swift */; };
		227753A21E4B9DD6001382A6 /* AppDelegate.swift in Sources */ = {isa = PBXBuildFile; fileRef = 227753A11E4B9DD6001382A6 /* AppDelegate.swift */; };
		227753A41E4B9DD6001382A6 /* MenuVC.swift in Sources */ = {isa = PBXBuildFile; fileRef = 227753A31E4B9DD6001382A6 /* MenuVC.swift */; };
		227753A71E4B9DD6001382A6 /* Main.storyboard in Resources */ = {isa = PBXBuildFile; fileRef = 227753A51E4B9DD6001382A6 /* Main.storyboard */; };
		227753AA1E4B9DD6001382A6 /* Maze.xcdatamodeld in Sources */ = {isa = PBXBuildFile; fileRef = 227753A81E4B9DD6001382A6 /* Maze.xcdatamodeld */; };
		227753AC1E4B9DD6001382A6 /* Assets.xcassets in Resources */ = {isa = PBXBuildFile; fileRef = 227753AB1E4B9DD6001382A6 /* Assets.xcassets */; };
		227753AF1E4B9DD6001382A6 /* LaunchScreen.storyboard in Resources */ = {isa = PBXBuildFile; fileRef = 227753AD1E4B9DD6001382A6 /* LaunchScreen.storyboard */; };
		227753BA1E4B9DD6001382A6 /* MazeTests.swift in Sources */ = {isa = PBXBuildFile; fileRef = 227753B91E4B9DD6001382A6 /* MazeTests.swift */; };
		227753C51E4B9DD7001382A6 /* MazeUITests.swift in Sources */ = {isa = PBXBuildFile; fileRef = 227753C41E4B9DD7001382A6 /* MazeUITests.swift */; };
		22CFB5E71E4BA7C200BBD032 /* GameVC.swift in Sources */ = {isa = PBXBuildFile; fileRef = 22CFB5E51E4BA7C200BBD032 /* GameVC.swift */; };
		22CFB5E81E4BA7C200BBD032 /* GameVC.xib in Resources */ = {isa = PBXBuildFile; fileRef = 22CFB5E61E4BA7C200BBD032 /* GameVC.xib */; };
		22CFB5EA1E4BAA6700BBD032 /* Ball.swift in Sources */ = {isa = PBXBuildFile; fileRef = 22CFB5E91E4BAA6700BBD032 /* Ball.swift */; };
		22CFB5EC1E4BAA7400BBD032 /* Ball.xib in Resources */ = {isa = PBXBuildFile; fileRef = 22CFB5EB1E4BAA7400BBD032 /* Ball.xib */; };
/* End PBXBuildFile section */

/* Begin PBXContainerItemProxy section */
		227753B61E4B9DD6001382A6 /* PBXContainerItemProxy */ = {
			isa = PBXContainerItemProxy;
			containerPortal = 227753961E4B9DD6001382A6 /* Project object */;
			proxyType = 1;
			remoteGlobalIDString = 2277539D1E4B9DD6001382A6;
			remoteInfo = Maze;
		};
		227753C11E4B9DD6001382A6 /* PBXContainerItemProxy */ = {
			isa = PBXContainerItemProxy;
			containerPortal = 227753961E4B9DD6001382A6 /* Project object */;
			proxyType = 1;
			remoteGlobalIDString = 2277539D1E4B9DD6001382A6;
			remoteInfo = Maze;
		};
/* End PBXContainerItemProxy section */

/* Begin PBXFileReference section */
		223B22D61E59B8BE00829962 /* Wall.swift */ = {isa = PBXFileReference; fileEncoding = 4; lastKnownFileType = sourcecode.swift; path = Wall.swift; sourceTree = "<group>"; };
		223B22D81E59D78100829962 /* Extensions.swift */ = {isa = PBXFileReference; fileEncoding = 4; lastKnownFileType = sourcecode.swift; path = Extensions.swift; sourceTree = "<group>"; };
		223B22DB1E5A029A00829962 /* PauseVC.swift */ = {isa = PBXFileReference; fileEncoding = 4; lastKnownFileType = sourcecode.swift; path = PauseVC.swift; sourceTree = "<group>"; };
		223B22DC1E5A029A00829962 /* PauseVC.xib */ = {isa = PBXFileReference; fileEncoding = 4; lastKnownFileType = file.xib; path = PauseVC.xib; sourceTree = "<group>"; };
		223E0F5B1E660538000E3ECC /* ViewTools.swift */ = {isa = PBXFileReference; fileEncoding = 4; lastKnownFileType = sourcecode.swift; path = ViewTools.swift; sourceTree = "<group>"; };
		2277539E1E4B9DD6001382A6 /* Maze.app */ = {isa = PBXFileReference; explicitFileType = wrapper.application; includeInIndex = 0; path = Maze.app; sourceTree = BUILT_PRODUCTS_DIR; };
		227753A11E4B9DD6001382A6 /* AppDelegate.swift */ = {isa = PBXFileReference; lastKnownFileType = sourcecode.swift; path = AppDelegate.swift; sourceTree = "<group>"; };
		227753A31E4B9DD6001382A6 /* MenuVC.swift */ = {isa = PBXFileReference; lastKnownFileType = sourcecode.swift; path = MenuVC.swift; sourceTree = "<group>"; };
		227753A61E4B9DD6001382A6 /* Base */ = {isa = PBXFileReference; lastKnownFileType = file.storyboard; name = Base; path = Base.lproj/Main.storyboard; sourceTree = "<group>"; };
		227753A91E4B9DD6001382A6 /* Maze.xcdatamodel */ = {isa = PBXFileReference; lastKnownFileType = wrapper.xcdatamodel; path = Maze.xcdatamodel; sourceTree = "<group>"; };
		227753AB1E4B9DD6001382A6 /* Assets.xcassets */ = {isa = PBXFileReference; lastKnownFileType = folder.assetcatalog; path = Assets.xcassets; sourceTree = "<group>"; };
		227753AE1E4B9DD6001382A6 /* Base */ = {isa = PBXFileReference; lastKnownFileType = file.storyboard; name = Base; path = Base.lproj/LaunchScreen.storyboard; sourceTree = "<group>"; };
		227753B01E4B9DD6001382A6 /* Info.plist */ = {isa = PBXFileReference; lastKnownFileType = text.plist.xml; path = Info.plist; sourceTree = "<group>"; };
		227753B51E4B9DD6001382A6 /* MazeTests.xctest */ = {isa = PBXFileReference; explicitFileType = wrapper.cfbundle; includeInIndex = 0; path = MazeTests.xctest; sourceTree = BUILT_PRODUCTS_DIR; };
		227753B91E4B9DD6001382A6 /* MazeTests.swift */ = {isa = PBXFileReference; lastKnownFileType = sourcecode.swift; path = MazeTests.swift; sourceTree = "<group>"; };
		227753BB1E4B9DD6001382A6 /* Info.plist */ = {isa = PBXFileReference; lastKnownFileType = text.plist.xml; path = Info.plist; sourceTree = "<group>"; };
		227753C01E4B9DD6001382A6 /* MazeUITests.xctest */ = {isa = PBXFileReference; explicitFileType = wrapper.cfbundle; includeInIndex = 0; path = MazeUITests.xctest; sourceTree = BUILT_PRODUCTS_DIR; };
		227753C41E4B9DD7001382A6 /* MazeUITests.swift */ = {isa = PBXFileReference; lastKnownFileType = sourcecode.swift; path = MazeUITests.swift; sourceTree = "<group>"; };
		227753C61E4B9DD7001382A6 /* Info.plist */ = {isa = PBXFileReference; lastKnownFileType = text.plist.xml; path = Info.plist; sourceTree = "<group>"; };
		22CFB5E51E4BA7C200BBD032 /* GameVC.swift */ = {isa = PBXFileReference; fileEncoding = 4; lastKnownFileType = sourcecode.swift; path = GameVC.swift; sourceTree = "<group>"; };
		22CFB5E61E4BA7C200BBD032 /* GameVC.xib */ = {isa = PBXFileReference; fileEncoding = 4; lastKnownFileType = file.xib; path = GameVC.xib; sourceTree = "<group>"; };
		22CFB5E91E4BAA6700BBD032 /* Ball.swift */ = {isa = PBXFileReference; fileEncoding = 4; lastKnownFileType = sourcecode.swift; path = Ball.swift; sourceTree = "<group>"; };
		22CFB5EB1E4BAA7400BBD032 /* Ball.xib */ = {isa = PBXFileReference; fileEncoding = 4; lastKnownFileType = file.xib; path = Ball.xib; sourceTree = "<group>"; };
/* End PBXFileReference section */

/* Begin PBXFrameworksBuildPhase section */
		2277539B1E4B9DD6001382A6 /* Frameworks */ = {
			isa = PBXFrameworksBuildPhase;
			buildActionMask = 2147483647;
			files = (
			);
			runOnlyForDeploymentPostprocessing = 0;
		};
		227753B21E4B9DD6001382A6 /* Frameworks */ = {
			isa = PBXFrameworksBuildPhase;
			buildActionMask = 2147483647;
			files = (
			);
			runOnlyForDeploymentPostprocessing = 0;
		};
		227753BD1E4B9DD6001382A6 /* Frameworks */ = {
			isa = PBXFrameworksBuildPhase;
			buildActionMask = 2147483647;
			files = (
			);
			runOnlyForDeploymentPostprocessing = 0;
		};
/* End PBXFrameworksBuildPhase section */

/* Begin PBXGroup section */
		223B22DA1E59D79000829962 /* Tools */ = {
			isa = PBXGroup;
			children = (
				223B22D81E59D78100829962 /* Extensions.swift */,
				223E0F5B1E660538000E3ECC /* ViewTools.swift */,
			);
			name = Tools;
			sourceTree = "<group>";
		};
		223B22DF1E5A02BF00829962 /* Items */ = {
			isa = PBXGroup;
			children = (
				22CFB5E91E4BAA6700BBD032 /* Ball.swift */,
				22CFB5EB1E4BAA7400BBD032 /* Ball.xib */,
				223B22D61E59B8BE00829962 /* Wall.swift */,
			);
			name = Items;
			sourceTree = "<group>";
		};
		227753951E4B9DD6001382A6 = {
			isa = PBXGroup;
			children = (
				227753A01E4B9DD6001382A6 /* Maze */,
				227753B81E4B9DD6001382A6 /* MazeTests */,
				227753C31E4B9DD7001382A6 /* MazeUITests */,
				2277539F1E4B9DD6001382A6 /* Products */,
			);
			sourceTree = "<group>";
		};
		2277539F1E4B9DD6001382A6 /* Products */ = {
			isa = PBXGroup;
			children = (
				2277539E1E4B9DD6001382A6 /* Maze.app */,
				227753B51E4B9DD6001382A6 /* MazeTests.xctest */,
				227753C01E4B9DD6001382A6 /* MazeUITests.xctest */,
			);
			name = Products;
			sourceTree = "<group>";
		};
		227753A01E4B9DD6001382A6 /* Maze */ = {
			isa = PBXGroup;
			children = (
				223B22DF1E5A02BF00829962 /* Items */,
				223B22DA1E59D79000829962 /* Tools */,
				227753A11E4B9DD6001382A6 /* AppDelegate.swift */,
				227753A31E4B9DD6001382A6 /* MenuVC.swift */,
				227753A51E4B9DD6001382A6 /* Main.storyboard */,
				227753AB1E4B9DD6001382A6 /* Assets.xcassets */,
				227753AD1E4B9DD6001382A6 /* LaunchScreen.storyboard */,
				227753B01E4B9DD6001382A6 /* Info.plist */,
				227753A81E4B9DD6001382A6 /* Maze.xcdatamodeld */,
				22CFB5E51E4BA7C200BBD032 /* GameVC.swift */,
				22CFB5E61E4BA7C200BBD032 /* GameVC.xib */,
				223B22DB1E5A029A00829962 /* PauseVC.swift */,
				223B22DC1E5A029A00829962 /* PauseVC.xib */,
			);
			path = Maze;
			sourceTree = "<group>";
		};
		227753B81E4B9DD6001382A6 /* MazeTests */ = {
			isa = PBXGroup;
			children = (
				227753B91E4B9DD6001382A6 /* MazeTests.swift */,
				227753BB1E4B9DD6001382A6 /* Info.plist */,
			);
			path = MazeTests;
			sourceTree = "<group>";
		};
		227753C31E4B9DD7001382A6 /* MazeUITests */ = {
			isa = PBXGroup;
			children = (
				227753C41E4B9DD7001382A6 /* MazeUITests.swift */,
				227753C61E4B9DD7001382A6 /* Info.plist */,
			);
			path = MazeUITests;
			sourceTree = "<group>";
		};
/* End PBXGroup section */

/* Begin PBXNativeTarget section */
		2277539D1E4B9DD6001382A6 /* Maze */ = {
			isa = PBXNativeTarget;
			buildConfigurationList = 227753C91E4B9DD7001382A6 /* Build configuration list for PBXNativeTarget "Maze" */;
			buildPhases = (
				2277539A1E4B9DD6001382A6 /* Sources */,
				2277539B1E4B9DD6001382A6 /* Frameworks */,
				2277539C1E4B9DD6001382A6 /* Resources */,
			);
			buildRules = (
			);
			dependencies = (
			);
			name = Maze;
			productName = Maze;
			productReference = 2277539E1E4B9DD6001382A6 /* Maze.app */;
			productType = "com.apple.product-type.application";
		};
		227753B41E4B9DD6001382A6 /* MazeTests */ = {
			isa = PBXNativeTarget;
			buildConfigurationList = 227753CC1E4B9DD7001382A6 /* Build configuration list for PBXNativeTarget "MazeTests" */;
			buildPhases = (
				227753B11E4B9DD6001382A6 /* Sources */,
				227753B21E4B9DD6001382A6 /* Frameworks */,
				227753B31E4B9DD6001382A6 /* Resources */,
			);
			buildRules = (
			);
			dependencies = (
				227753B71E4B9DD6001382A6 /* PBXTargetDependency */,
			);
			name = MazeTests;
			productName = MazeTests;
			productReference = 227753B51E4B9DD6001382A6 /* MazeTests.xctest */;
			productType = "com.apple.product-type.bundle.unit-test";
		};
		227753BF1E4B9DD6001382A6 /* MazeUITests */ = {
			isa = PBXNativeTarget;
			buildConfigurationList = 227753CF1E4B9DD7001382A6 /* Build configuration list for PBXNativeTarget "MazeUITests" */;
			buildPhases = (
				227753BC1E4B9DD6001382A6 /* Sources */,
				227753BD1E4B9DD6001382A6 /* Frameworks */,
				227753BE1E4B9DD6001382A6 /* Resources */,
			);
			buildRules = (
			);
			dependencies = (
				227753C21E4B9DD6001382A6 /* PBXTargetDependency */,
			);
			name = MazeUITests;
			productName = MazeUITests;
			productReference = 227753C01E4B9DD6001382A6 /* MazeUITests.xctest */;
			productType = "com.apple.product-type.bundle.ui-testing";
		};
/* End PBXNativeTarget section */

/* Begin PBXProject section */
		227753961E4B9DD6001382A6 /* Project object */ = {
			isa = PBXProject;
			attributes = {
				LastSwiftUpdateCheck = 0820;
				LastUpgradeCheck = 0820;
				ORGANIZATIONNAME = "Kryg Tomek";
				TargetAttributes = {
					2277539D1E4B9DD6001382A6 = {
						CreatedOnToolsVersion = 8.2.1;
						DevelopmentTeam = 3FMVQ97S47;
						ProvisioningStyle = Automatic;
					};
					227753B41E4B9DD6001382A6 = {
						CreatedOnToolsVersion = 8.2.1;
						DevelopmentTeam = 3FMVQ97S47;
						ProvisioningStyle = Automatic;
						TestTargetID = 2277539D1E4B9DD6001382A6;
					};
					227753BF1E4B9DD6001382A6 = {
						CreatedOnToolsVersion = 8.2.1;
						DevelopmentTeam = 3FMVQ97S47;
						ProvisioningStyle = Automatic;
						TestTargetID = 2277539D1E4B9DD6001382A6;
					};
				};
			};
			buildConfigurationList = 227753991E4B9DD6001382A6 /* Build configuration list for PBXProject "Maze" */;
			compatibilityVersion = "Xcode 3.2";
			developmentRegion = English;
			hasScannedForEncodings = 0;
			knownRegions = (
				en,
				Base,
			);
			mainGroup = 227753951E4B9DD6001382A6;
			productRefGroup = 2277539F1E4B9DD6001382A6 /* Products */;
			projectDirPath = "";
			projectRoot = "";
			targets = (
				2277539D1E4B9DD6001382A6 /* Maze */,
				227753B41E4B9DD6001382A6 /* MazeTests */,
				227753BF1E4B9DD6001382A6 /* MazeUITests */,
			);
		};
/* End PBXProject section */

/* Begin PBXResourcesBuildPhase section */
		2277539C1E4B9DD6001382A6 /* Resources */ = {
			isa = PBXResourcesBuildPhase;
			buildActionMask = 2147483647;
			files = (
				227753AF1E4B9DD6001382A6 /* LaunchScreen.storyboard in Resources */,
				22CFB5EC1E4BAA7400BBD032 /* Ball.xib in Resources */,
				227753AC1E4B9DD6001382A6 /* Assets.xcassets in Resources */,
				22CFB5E81E4BA7C200BBD032 /* GameVC.xib in Resources */,
				227753A71E4B9DD6001382A6 /* Main.storyboard in Resources */,
				223B22DE1E5A029A00829962 /* PauseVC.xib in Resources */,
			);
			runOnlyForDeploymentPostprocessing = 0;
		};
		227753B31E4B9DD6001382A6 /* Resources */ = {
			isa = PBXResourcesBuildPhase;
			buildActionMask = 2147483647;
			files = (
			);
			runOnlyForDeploymentPostprocessing = 0;
		};
		227753BE1E4B9DD6001382A6 /* Resources */ = {
			isa = PBXResourcesBuildPhase;
			buildActionMask = 2147483647;
			files = (
			);
			runOnlyForDeploymentPostprocessing = 0;
		};
/* End PBXResourcesBuildPhase section */

/* Begin PBXSourcesBuildPhase section */
		2277539A1E4B9DD6001382A6 /* Sources */ = {
			isa = PBXSourcesBuildPhase;
			buildActionMask = 2147483647;
			files = (
				223E0F5C1E660538000E3ECC /* ViewTools.swift in Sources */,
				227753AA1E4B9DD6001382A6 /* Maze.xcdatamodeld in Sources */,
				223B22D71E59B8BE00829962 /* Wall.swift in Sources */,
				227753A41E4B9DD6001382A6 /* MenuVC.swift in Sources */,
				22CFB5EA1E4BAA6700BBD032 /* Ball.swift in Sources */,
				22CFB5E71E4BA7C200BBD032 /* GameVC.swift in Sources */,
				227753A21E4B9DD6001382A6 /* AppDelegate.swift in Sources */,
				223B22D91E59D78100829962 /* Extensions.swift in Sources */,
				223B22DD1E5A029A00829962 /* PauseVC.swift in Sources */,
			);
			runOnlyForDeploymentPostprocessing = 0;
		};
		227753B11E4B9DD6001382A6 /* Sources */ = {
			isa = PBXSourcesBuildPhase;
			buildActionMask = 2147483647;
			files = (
				227753BA1E4B9DD6001382A6 /* MazeTests.swift in Sources */,
			);
			runOnlyForDeploymentPostprocessing = 0;
		};
		227753BC1E4B9DD6001382A6 /* Sources */ = {
			isa = PBXSourcesBuildPhase;
			buildActionMask = 2147483647;
			files = (
				227753C51E4B9DD7001382A6 /* MazeUITests.swift in Sources */,
			);
			runOnlyForDeploymentPostprocessing = 0;
		};
/* End PBXSourcesBuildPhase section */

/* Begin PBXTargetDependency section */
		227753B71E4B9DD6001382A6 /* PBXTargetDependency */ = {
			isa = PBXTargetDependency;
			target = 2277539D1E4B9DD6001382A6 /* Maze */;
			targetProxy = 227753B61E4B9DD6001382A6 /* PBXContainerItemProxy */;
		};
		227753C21E4B9DD6001382A6 /* PBXTargetDependency */ = {
			isa = PBXTargetDependency;
			target = 2277539D1E4B9DD6001382A6 /* Maze */;
			targetProxy = 227753C11E4B9DD6001382A6 /* PBXContainerItemProxy */;
		};
/* End PBXTargetDependency section */

/* Begin PBXVariantGroup section */
		227753A51E4B9DD6001382A6 /* Main.storyboard */ = {
			isa = PBXVariantGroup;
			children = (
				227753A61E4B9DD6001382A6 /* Base */,
			);
			name = Main.storyboard;
			sourceTree = "<group>";
		};
		227753AD1E4B9DD6001382A6 /* LaunchScreen.storyboard */ = {
			isa = PBXVariantGroup;
			children = (
				227753AE1E4B9DD6001382A6 /* Base */,
			);
			name = LaunchScreen.storyboard;
			sourceTree = "<group>";
		};
/* End PBXVariantGroup section */

/* Begin XCBuildConfiguration section */
		227753C71E4B9DD7001382A6 /* Debug */ = {
			isa = XCBuildConfiguration;
			buildSettings = {
				ALWAYS_SEARCH_USER_PATHS = NO;
				CLANG_ANALYZER_NONNULL = YES;
				CLANG_CXX_LANGUAGE_STANDARD = "gnu++0x";
				CLANG_CXX_LIBRARY = "libc++";
				CLANG_ENABLE_MODULES = YES;
				CLANG_ENABLE_OBJC_ARC = YES;
				CLANG_WARN_BOOL_CONVERSION = YES;
				CLANG_WARN_CONSTANT_CONVERSION = YES;
				CLANG_WARN_DIRECT_OBJC_ISA_USAGE = YES_ERROR;
				CLANG_WARN_DOCUMENTATION_COMMENTS = YES;
				CLANG_WARN_EMPTY_BODY = YES;
				CLANG_WARN_ENUM_CONVERSION = YES;
				CLANG_WARN_INFINITE_RECURSION = YES;
				CLANG_WARN_INT_CONVERSION = YES;
				CLANG_WARN_OBJC_ROOT_CLASS = YES_ERROR;
				CLANG_WARN_SUSPICIOUS_MOVE = YES;
				CLANG_WARN_UNREACHABLE_CODE = YES;
				CLANG_WARN__DUPLICATE_METHOD_MATCH = YES;
				"CODE_SIGN_IDENTITY[sdk=iphoneos*]" = "iPhone Developer";
				COPY_PHASE_STRIP = NO;
				DEBUG_INFORMATION_FORMAT = dwarf;
				ENABLE_STRICT_OBJC_MSGSEND = YES;
				ENABLE_TESTABILITY = YES;
				GCC_C_LANGUAGE_STANDARD = gnu99;
				GCC_DYNAMIC_NO_PIC = NO;
				GCC_NO_COMMON_BLOCKS = YES;
				GCC_OPTIMIZATION_LEVEL = 0;
				GCC_PREPROCESSOR_DEFINITIONS = (
					"DEBUG=1",
					"$(inherited)",
				);
				GCC_WARN_64_TO_32_BIT_CONVERSION = YES;
				GCC_WARN_ABOUT_RETURN_TYPE = YES_ERROR;
				GCC_WARN_UNDECLARED_SELECTOR = YES;
				GCC_WARN_UNINITIALIZED_AUTOS = YES_AGGRESSIVE;
				GCC_WARN_UNUSED_FUNCTION = YES;
				GCC_WARN_UNUSED_VARIABLE = YES;
				IPHONEOS_DEPLOYMENT_TARGET = 10.2;
				MTL_ENABLE_DEBUG_INFO = YES;
				ONLY_ACTIVE_ARCH = YES;
				SDKROOT = iphoneos;
				SWIFT_ACTIVE_COMPILATION_CONDITIONS = DEBUG;
				SWIFT_OPTIMIZATION_LEVEL = "-Onone";
				TARGETED_DEVICE_FAMILY = "1,2";
			};
			name = Debug;
		};
		227753C81E4B9DD7001382A6 /* Release */ = {
			isa = XCBuildConfiguration;
			buildSettings = {
				ALWAYS_SEARCH_USER_PATHS = NO;
				CLANG_ANALYZER_NONNULL = YES;
				CLANG_CXX_LANGUAGE_STANDARD = "gnu++0x";
				CLANG_CXX_LIBRARY = "libc++";
				CLANG_ENABLE_MODULES = YES;
				CLANG_ENABLE_OBJC_ARC = YES;
				CLANG_WARN_BOOL_CONVERSION = YES;
				CLANG_WARN_CONSTANT_CONVERSION = YES;
				CLANG_WARN_DIRECT_OBJC_ISA_USAGE = YES_ERROR;
				CLANG_WARN_DOCUMENTATION_COMMENTS = YES;
				CLANG_WARN_EMPTY_BODY = YES;
				CLANG_WARN_ENUM_CONVERSION = YES;
				CLANG_WARN_INFINITE_RECURSION = YES;
				CLANG_WARN_INT_CONVERSION = YES;
				CLANG_WARN_OBJC_ROOT_CLASS = YES_ERROR;
				CLANG_WARN_SUSPICIOUS_MOVE = YES;
				CLANG_WARN_UNREACHABLE_CODE = YES;
				CLANG_WARN__DUPLICATE_METHOD_MATCH = YES;
				"CODE_SIGN_IDENTITY[sdk=iphoneos*]" = "iPhone Developer";
				COPY_PHASE_STRIP = NO;
				DEBUG_INFORMATION_FORMAT = "dwarf-with-dsym";
				ENABLE_NS_ASSERTIONS = NO;
				ENABLE_STRICT_OBJC_MSGSEND = YES;
				GCC_C_LANGUAGE_STANDARD = gnu99;
				GCC_NO_COMMON_BLOCKS = YES;
				GCC_WARN_64_TO_32_BIT_CONVERSION = YES;
				GCC_WARN_ABOUT_RETURN_TYPE = YES_ERROR;
				GCC_WARN_UNDECLARED_SELECTOR = YES;
				GCC_WARN_UNINITIALIZED_AUTOS = YES_AGGRESSIVE;
				GCC_WARN_UNUSED_FUNCTION = YES;
				GCC_WARN_UNUSED_VARIABLE = YES;
				IPHONEOS_DEPLOYMENT_TARGET = 10.2;
				MTL_ENABLE_DEBUG_INFO = NO;
				SDKROOT = iphoneos;
				SWIFT_OPTIMIZATION_LEVEL = "-Owholemodule";
				TARGETED_DEVICE_FAMILY = "1,2";
				VALIDATE_PRODUCT = YES;
			};
			name = Release;
		};
		227753CA1E4B9DD7001382A6 /* Debug */ = {
			isa = XCBuildConfiguration;
			buildSettings = {
				ASSETCATALOG_COMPILER_APPICON_NAME = AppIcon;
				"CODE_SIGN_IDENTITY[sdk=iphoneos*]" = "iPhone Developer";
				DEVELOPMENT_TEAM = 3FMVQ97S47;
				INFOPLIST_FILE = Maze/Info.plist;
				IPHONEOS_DEPLOYMENT_TARGET = 9.0;
				LD_RUNPATH_SEARCH_PATHS = "$(inherited) @executable_path/Frameworks";
				PRODUCT_BUNDLE_IDENTIFIER = kryg.Maze;
				PRODUCT_NAME = "$(TARGET_NAME)";
				SWIFT_VERSION = 3.0;
			};
			name = Debug;
		};
		227753CB1E4B9DD7001382A6 /* Release */ = {
			isa = XCBuildConfiguration;
			buildSettings = {
				ASSETCATALOG_COMPILER_APPICON_NAME = AppIcon;
				"CODE_SIGN_IDENTITY[sdk=iphoneos*]" = "iPhone Developer";
				DEVELOPMENT_TEAM = 3FMVQ97S47;
				INFOPLIST_FILE = Maze/Info.plist;
				IPHONEOS_DEPLOYMENT_TARGET = 9.0;
				LD_RUNPATH_SEARCH_PATHS = "$(inherited) @executable_path/Frameworks";
				PRODUCT_BUNDLE_IDENTIFIER = kryg.Maze;
				PRODUCT_NAME = "$(TARGET_NAME)";
				SWIFT_VERSION = 3.0;
			};
			name = Release;
		};
		227753CD1E4B9DD7001382A6 /* Debug */ = {
			isa = XCBuildConfiguration;
			buildSettings = {
				ALWAYS_EMBED_SWIFT_STANDARD_LIBRARIES = YES;
				BUNDLE_LOADER = "$(TEST_HOST)";
				DEVELOPMENT_TEAM = 3FMVQ97S47;
				INFOPLIST_FILE = MazeTests/Info.plist;
				LD_RUNPATH_SEARCH_PATHS = "$(inherited) @executable_path/Frameworks @loader_path/Frameworks";
				PRODUCT_BUNDLE_IDENTIFIER = kryg.MazeTests;
				PRODUCT_NAME = "$(TARGET_NAME)";
				SWIFT_VERSION = 3.0;
				TEST_HOST = "$(BUILT_PRODUCTS_DIR)/Maze.app/Maze";
			};
			name = Debug;
		};
		227753CE1E4B9DD7001382A6 /* Release */ = {
			isa = XCBuildConfiguration;
			buildSettings = {
				ALWAYS_EMBED_SWIFT_STANDARD_LIBRARIES = YES;
				BUNDLE_LOADER = "$(TEST_HOST)";
				DEVELOPMENT_TEAM = 3FMVQ97S47;
				INFOPLIST_FILE = MazeTests/Info.plist;
				LD_RUNPATH_SEARCH_PATHS = "$(inherited) @executable_path/Frameworks @loader_path/Frameworks";
				PRODUCT_BUNDLE_IDENTIFIER = kryg.MazeTests;
				PRODUCT_NAME = "$(TARGET_NAME)";
				SWIFT_VERSION = 3.0;
				TEST_HOST = "$(BUILT_PRODUCTS_DIR)/Maze.app/Maze";
			};
			name = Release;
		};
		227753D01E4B9DD7001382A6 /* Debug */ = {
			isa = XCBuildConfiguration;
			buildSettings = {
				ALWAYS_EMBED_SWIFT_STANDARD_LIBRARIES = YES;
				DEVELOPMENT_TEAM = 3FMVQ97S47;
				INFOPLIST_FILE = MazeUITests/Info.plist;
				LD_RUNPATH_SEARCH_PATHS = "$(inherited) @executable_path/Frameworks @loader_path/Frameworks";
				PRODUCT_BUNDLE_IDENTIFIER = kryg.MazeUITests;
				PRODUCT_NAME = "$(TARGET_NAME)";
				SWIFT_VERSION = 3.0;
				TEST_TARGET_NAME = Maze;
			};
			name = Debug;
		};
		227753D11E4B9DD7001382A6 /* Release */ = {
			isa = XCBuildConfiguration;
			buildSettings = {
				ALWAYS_EMBED_SWIFT_STANDARD_LIBRARIES = YES;
				DEVELOPMENT_TEAM = 3FMVQ97S47;
				INFOPLIST_FILE = MazeUITests/Info.plist;
				LD_RUNPATH_SEARCH_PATHS = "$(inherited) @executable_path/Frameworks @loader_path/Frameworks";
				PRODUCT_BUNDLE_IDENTIFIER = kryg.MazeUITests;
				PRODUCT_NAME = "$(TARGET_NAME)";
				SWIFT_VERSION = 3.0;
				TEST_TARGET_NAME = Maze;
			};
			name = Release;
		};
/* End XCBuildConfiguration section */

/* Begin XCConfigurationList section */
		227753991E4B9DD6001382A6 /* Build configuration list for PBXProject "Maze" */ = {
			isa = XCConfigurationList;
			buildConfigurations = (
				227753C71E4B9DD7001382A6 /* Debug */,
				227753C81E4B9DD7001382A6 /* Release */,
			);
			defaultConfigurationIsVisible = 0;
			defaultConfigurationName = Release;
		};
		227753C91E4B9DD7001382A6 /* Build configuration list for PBXNativeTarget "Maze" */ = {
			isa = XCConfigurationList;
			buildConfigurations = (
				227753CA1E4B9DD7001382A6 /* Debug */,
				227753CB1E4B9DD7001382A6 /* Release */,
			);
			defaultConfigurationIsVisible = 0;
			defaultConfigurationName = Release;
		};
		227753CC1E4B9DD7001382A6 /* Build configuration list for PBXNativeTarget "MazeTests" */ = {
			isa = XCConfigurationList;
			buildConfigurations = (
				227753CD1E4B9DD7001382A6 /* Debug */,
				227753CE1E4B9DD7001382A6 /* Release */,
			);
			defaultConfigurationIsVisible = 0;
			defaultConfigurationName = Release;
		};
		227753CF1E4B9DD7001382A6 /* Build configuration list for PBXNativeTarget "MazeUITests" */ = {
			isa = XCConfigurationList;
			buildConfigurations = (
				227753D01E4B9DD7001382A6 /* Debug */,
				227753D11E4B9DD7001382A6 /* Release */,
			);
			defaultConfigurationIsVisible = 0;
			defaultConfigurationName = Release;
		};
/* End XCConfigurationList section */

/* Begin XCVersionGroup section */
		227753A81E4B9DD6001382A6 /* Maze.xcdatamodeld */ = {
			isa = XCVersionGroup;
			children = (
				227753A91E4B9DD6001382A6 /* Maze.xcdatamodel */,
			);
			currentVersion = 227753A91E4B9DD6001382A6 /* Maze.xcdatamodel */;
			path = Maze.xcdatamodeld;
			sourceTree = "<group>";
			versionGroupType = wrapper.xcdatamodel;
		};
/* End XCVersionGroup section */
	};
	rootObject = 227753961E4B9DD6001382A6 /* Project object */;
}
